
Microsoft Visual Studio Solution File, Format Version 12.00
# Visual Studio Version 17
VisualStudioVersion = 17.1.32328.378
MinimumVisualStudioVersion = 10.0.40219.1
Project("{9A19103F-16F7-4668-BE54-9A1E7A4F7556}") = "BikeStore", "BikeStore\BikeStore.csproj", "{0787B731-1DE3-401F-8AF6-0B3F0D83140C}"
EndProject
Project("{FAE04EC0-301F-11D3-BF4B-00C04F79EFBC}") = "BikeStore.Tests", "BikeStore.Tests\BikeStore.Tests.csproj", "{C94982C5-2CE5-4610-A21F-0A602487767E}"
EndProject
Global
	GlobalSection(SolutionConfigurationPlatforms) = preSolution
		Debug|Any CPU = Debug|Any CPU
		Release|Any CPU = Release|Any CPU
	EndGlobalSection
	GlobalSection(ProjectConfigurationPlatforms) = postSolution
		{0787B731-1DE3-401F-8AF6-0B3F0D83140C}.Debug|Any CPU.ActiveCfg = Debug|Any CPU
		{0787B731-1DE3-401F-8AF6-0B3F0D83140C}.Debug|Any CPU.Build.0 = Debug|Any CPU
		{0787B731-1DE3-401F-8AF6-0B3F0D83140C}.Release|Any CPU.ActiveCfg = Release|Any CPU
		{0787B731-1DE3-401F-8AF6-0B3F0D83140C}.Release|Any CPU.Build.0 = Release|Any CPU
		{C94982C5-2CE5-4610-A21F-0A602487767E}.Debug|Any CPU.ActiveCfg = Debug|Any CPU
		{C94982C5-2CE5-4610-A21F-0A602487767E}.Debug|Any CPU.Build.0 = Debug|Any CPU
		{C94982C5-2CE5-4610-A21F-0A602487767E}.Release|Any CPU.ActiveCfg = Release|Any CPU
		{C94982C5-2CE5-4610-A21F-0A602487767E}.Release|Any CPU.Build.0 = Release|Any CPU
	EndGlobalSection
	GlobalSection(SolutionProperties) = preSolution
		HideSolutionNode = FALSE
	EndGlobalSection
	GlobalSection(ExtensibilityGlobals) = postSolution
		SolutionGuid = {074B8AD0-31FE-4D9E-989B-130E16DBE5FA}
	EndGlobalSection
EndGlobal
